
Microsoft Visual Studio Solution File, Format Version 12.00
# Visual Studio Version 17
VisualStudioVersion = 17.11.35208.52
MinimumVisualStudioVersion = 10.0.40219.1
Project("{FAE04EC0-301F-11D3-BF4B-00C04F79EFBC}") = "Taller en Clase", "Taller en Clase\Taller en Clase.csproj", "{5584B785-95C7-4FE4-984D-48271DF58EB4}"
EndProject
Global
	GlobalSection(SolutionConfigurationPlatforms) = preSolution
		Debug|Any CPU = Debug|Any CPU
		Release|Any CPU = Release|Any CPU
	EndGlobalSection
	GlobalSection(ProjectConfigurationPlatforms) = postSolution
		{5584B785-95C7-4FE4-984D-48271DF58EB4}.Debug|Any CPU.ActiveCfg = Debug|Any CPU
		{5584B785-95C7-4FE4-984D-48271DF58EB4}.Debug|Any CPU.Build.0 = Debug|Any CPU
		{5584B785-95C7-4FE4-984D-48271DF58EB4}.Release|Any CPU.ActiveCfg = Release|Any CPU
		{5584B785-95C7-4FE4-984D-48271DF58EB4}.Release|Any CPU.Build.0 = Release|Any CPU
	EndGlobalSection
	GlobalSection(SolutionProperties) = preSolution
		HideSolutionNode = FALSE
	EndGlobalSection
	GlobalSection(ExtensibilityGlobals) = postSolution
		SolutionGuid = {CF9784A2-80A0-4E5A-A95F-39486C40E087}
	EndGlobalSection
EndGlobal
